<?xml version="1.0" encoding="utf-8"?>
<Project ToolsVersion="4.0" xmlns="http://schemas.microsoft.com/developer/msbuild/2003">
  <ItemGroup>
    <ClInclude Include="rng.h" />
    <ClInclude Include="game.h" />
    <ClInclude Include="common.h" />
    <ClInclude Include="game_config.h" />
    <ClInclude Include="ci_string.h" />
    <ClInclude Include="symbol_table.h" />
    <ClInclude Include="convert.h" />
    <ClInclude Include="imgui_ext.h" />
    <ClInclude Include="menu.h" />
  </ItemGroup>
  <ItemGroup>
    <ClCompile Include="game.cpp" />
    <ClCompile Include="config.cpp" />
    <ClCompile Include="imgui_ext.cpp" />
    <ClCompile Include="menu.cpp" />
    <ClCompile Include="main.cpp" />
  </ItemGroup>
</Project>