
Microsoft Visual Studio Solution File, Format Version 12.00
# Visual Studio 15
VisualStudioVersion = 15.0.28010.2003
MinimumVisualStudioVersion = 10.0.40219.1
Project("{8BC9CEB8-8B4A-11D0-8D11-00A0C91BC942}") = "sfPong", "sfPong.vcxproj", "{C5EE35BC-FAFE-48A8-A198-A52C06F0D29D}"
EndProject
Project("{2150E333-8FDC-42A3-9474-1A3956D46DE8}") = "Solution Items", "Solution Items", "{460A6298-E45F-4AA3-A17E-6B0BC9B019BE}"
	ProjectSection(SolutionItems) = preProject
		copydlls.bat = copydlls.bat
	EndProjectSection
EndProject
Global
	GlobalSection(SolutionConfigurationPlatforms) = preSolution
		Debug|x64 = Debug|x64
		Debug|x86 = Debug|x86
		Release|x64 = Release|x64
		Release|x86 = Release|x86
	EndGlobalSection
	GlobalSection(ProjectConfigurationPlatforms) = postSolution
		{C5EE35BC-FAFE-48A8-A198-A52C06F0D29D}.Debug|x64.ActiveCfg = Debug|x64
		{C5EE35BC-FAFE-48A8-A198-A52C06F0D29D}.Debug|x64.Build.0 = Debug|x64
		{C5EE35BC-FAFE-48A8-A198-A52C06F0D29D}.Debug|x86.ActiveCfg = Debug|Win32
		{C5EE35BC-FAFE-48A8-A198-A52C06F0D29D}.Debug|x86.Build.0 = Debug|Win32
		{C5EE35BC-FAFE-48A8-A198-A52C06F0D29D}.Release|x64.ActiveCfg = Release|x64
		{C5EE35BC-FAFE-48A8-A198-A52C06F0D29D}.Release|x64.Build.0 = Release|x64
		{C5EE35BC-FAFE-48A8-A198-A52C06F0D29D}.Release|x86.ActiveCfg = Release|Win32
		{C5EE35BC-FAFE-48A8-A198-A52C06F0D29D}.Release|x86.Build.0 = Release|Win32
	EndGlobalSection
	GlobalSection(SolutionProperties) = preSolution
		HideSolutionNode = FALSE
	EndGlobalSection
	GlobalSection(ExtensibilityGlobals) = postSolution
		SolutionGuid = {F75F48B3-B58C-45E2-8D11-B1ADBC100068}
	EndGlobalSection
EndGlobal
